// !$*UTF8*$!
{
	archiveVersion = 1;
	classes = {
	};
	objectVersion = 77;
	objects = {

/* Begin PBXBuildFile section */
		C3E632E32DCBB4C70030FBC0 /* GomuWatch Watch App.app in Embed Watch Content */ = {isa = PBXBuildFile; fileRef = C3E632D92DCBB4C60030FBC0 /* GomuWatch Watch App.app */; settings = {ATTRIBUTES = (RemoveHeadersOnCopy, ); }; };
		EC3E39982DA61DB700AC2A7E /* RunningTrackerWidgetExtension.appex in Embed Foundation Extensions */ = {isa = PBXBuildFile; fileRef = EC3E39822DA61DB600AC2A7E /* RunningTrackerWidgetExtension.appex */; settings = {ATTRIBUTES = (RemoveHeadersOnCopy, ); }; };
/* End PBXBuildFile section */

/* Begin PBXContainerItemProxy section */
		C3E632E12DCBB4C70030FBC0 /* PBXContainerItemProxy */ = {
			isa = PBXContainerItemProxy;
			containerPortal = EC4A01072D923B350086A781 /* Project object */;
			proxyType = 1;
			remoteGlobalIDString = C3E632D82DCBB4C60030FBC0;
			remoteInfo = "GomuWatch Watch App";
		};
		EC3E39962DA61DB700AC2A7E /* PBXContainerItemProxy */ = {
			isa = PBXContainerItemProxy;
			containerPortal = EC4A01072D923B350086A781 /* Project object */;
			proxyType = 1;
			remoteGlobalIDString = EC3E39812DA61DB600AC2A7E;
			remoteInfo = RunningTrackerWidgetExtension;
		};
		EC4A01202D923B370086A781 /* PBXContainerItemProxy */ = {
			isa = PBXContainerItemProxy;
			containerPortal = EC4A01072D923B350086A781 /* Project object */;
			proxyType = 1;
			remoteGlobalIDString = EC4A010E2D923B350086A781;
			remoteInfo = Gomu;
		};
		EC4A012A2D923B370086A781 /* PBXContainerItemProxy */ = {
			isa = PBXContainerItemProxy;
			containerPortal = EC4A01072D923B350086A781 /* Project object */;
			proxyType = 1;
			remoteGlobalIDString = EC4A010E2D923B350086A781;
			remoteInfo = Gomu;
		};
/* End PBXContainerItemProxy section */

/* Begin PBXCopyFilesBuildPhase section */
		C3E632E72DCBB4C70030FBC0 /* Embed Watch Content */ = {
			isa = PBXCopyFilesBuildPhase;
			buildActionMask = 2147483647;
			dstPath = "$(CONTENTS_FOLDER_PATH)/Watch";
			dstSubfolderSpec = 16;
			files = (
				C3E632E32DCBB4C70030FBC0 /* GomuWatch Watch App.app in Embed Watch Content */,
			);
			name = "Embed Watch Content";
			runOnlyForDeploymentPostprocessing = 0;
		};
		EC3E399D2DA61DB700AC2A7E /* Embed Foundation Extensions */ = {
			isa = PBXCopyFilesBuildPhase;
			buildActionMask = 2147483647;
			dstPath = "";
			dstSubfolderSpec = 13;
			files = (
				EC3E39982DA61DB700AC2A7E /* RunningTrackerWidgetExtension.appex in Embed Foundation Extensions */,
			);
			name = "Embed Foundation Extensions";
			runOnlyForDeploymentPostprocessing = 0;
		};
/* End PBXCopyFilesBuildPhase section */

/* Begin PBXFileReference section */
		C3E632D92DCBB4C60030FBC0 /* GomuWatch Watch App.app */ = {isa = PBXFileReference; explicitFileType = wrapper.application; includeInIndex = 0; path = "GomuWatch Watch App.app"; sourceTree = BUILT_PRODUCTS_DIR; };
		EC3E39822DA61DB600AC2A7E /* RunningTrackerWidgetExtension.appex */ = {isa = PBXFileReference; explicitFileType = "wrapper.app-extension"; includeInIndex = 0; path = RunningTrackerWidgetExtension.appex; sourceTree = BUILT_PRODUCTS_DIR; };
		EC3E399E2DA6201600AC2A7E /* RunningTrackerWidgetExtension.entitlements */ = {isa = PBXFileReference; lastKnownFileType = text.plist.entitlements; path = RunningTrackerWidgetExtension.entitlements; sourceTree = "<group>"; };
		EC4A010F2D923B350086A781 /* Gomu.app */ = {isa = PBXFileReference; explicitFileType = wrapper.application; includeInIndex = 0; path = Gomu.app; sourceTree = BUILT_PRODUCTS_DIR; };
		EC4A011F2D923B370086A781 /* GomuTests.xctest */ = {isa = PBXFileReference; explicitFileType = wrapper.cfbundle; includeInIndex = 0; path = GomuTests.xctest; sourceTree = BUILT_PRODUCTS_DIR; };
		EC4A01292D923B370086A781 /* GomuUITests.xctest */ = {isa = PBXFileReference; explicitFileType = wrapper.cfbundle; includeInIndex = 0; path = GomuUITests.xctest; sourceTree = BUILT_PRODUCTS_DIR; };
/* End PBXFileReference section */

/* Begin PBXFileSystemSynchronizedBuildFileExceptionSet section */
		C351022A2DCD8CAE0050DFBD /* Exceptions for "Gomu" folder in "GomuWatch Watch App" target */ = {
			isa = PBXFileSystemSynchronizedBuildFileExceptionSet;
			membershipExceptions = (
				Components/CircularButton.swift,
				Components/InformationText.swift,
				Model/ChatModel.swift,
				Model/Coordinate.swift,
				Model/RunModel.swift,
				Model/RunMotivationModel.swift,
				Utils/HealthManager.swift,
				Utils/LocationManager.swift,
				ViewModel/AppleSignInManager.swift,
				ViewModel/ChatViewModel.swift,
				ViewModel/RunViewModel.swift,
				ViewModel/SoundManager.swift,
				ViewModel/SoundRun.swift,
			);
			target = C3E632D82DCBB4C60030FBC0 /* GomuWatch Watch App */;
		};
		EC3E399C2DA61DB700AC2A7E /* Exceptions for "RunningTrackerWidget" folder in "RunningTrackerWidgetExtension" target */ = {
			isa = PBXFileSystemSynchronizedBuildFileExceptionSet;
			membershipExceptions = (
				Info.plist,
			);
			target = EC3E39812DA61DB600AC2A7E /* RunningTrackerWidgetExtension */;
		};
		EC645A2B2DA4E2BE00FF64B3 /* Exceptions for "Gomu" folder in "Gomu" target */ = {
			isa = PBXFileSystemSynchronizedBuildFileExceptionSet;
			membershipExceptions = (
				Info.plist,
			);
			target = EC4A010E2D923B350086A781 /* Gomu */;
		};
/* End PBXFileSystemSynchronizedBuildFileExceptionSet section */

/* Begin PBXFileSystemSynchronizedRootGroup section */
		C3E632DA2DCBB4C60030FBC0 /* GomuWatch Watch App */ = {
			isa = PBXFileSystemSynchronizedRootGroup;
			path = "GomuWatch Watch App";
			sourceTree = "<group>";
		};
		EC3E39882DA61DB600AC2A7E /* RunningTrackerWidget */ = {
			isa = PBXFileSystemSynchronizedRootGroup;
			exceptions = (
				EC3E399C2DA61DB700AC2A7E /* Exceptions for "RunningTrackerWidget" folder in "RunningTrackerWidgetExtension" target */,
			);
			path = RunningTrackerWidget;
			sourceTree = "<group>";
		};
		EC4A01112D923B350086A781 /* Gomu */ = {
			isa = PBXFileSystemSynchronizedRootGroup;
			exceptions = (
				EC645A2B2DA4E2BE00FF64B3 /* Exceptions for "Gomu" folder in "Gomu" target */,
				C351022A2DCD8CAE0050DFBD /* Exceptions for "Gomu" folder in "GomuWatch Watch App" target */,
			);
			path = Gomu;
			sourceTree = "<group>";
		};
		EC4A01222D923B370086A781 /* GomuTests */ = {
			isa = PBXFileSystemSynchronizedRootGroup;
			path = GomuTests;
			sourceTree = "<group>";
		};
		EC4A012C2D923B370086A781 /* GomuUITests */ = {
			isa = PBXFileSystemSynchronizedRootGroup;
			path = GomuUITests;
			sourceTree = "<group>";
		};
/* End PBXFileSystemSynchronizedRootGroup section */

/* Begin PBXFrameworksBuildPhase section */
		C3E632D62DCBB4C60030FBC0 /* Frameworks */ = {
			isa = PBXFrameworksBuildPhase;
			buildActionMask = 2147483647;
			files = (
			);
			runOnlyForDeploymentPostprocessing = 0;
		};
		EC3E397F2DA61DB600AC2A7E /* Frameworks */ = {
			isa = PBXFrameworksBuildPhase;
			buildActionMask = 2147483647;
			files = (
			);
			runOnlyForDeploymentPostprocessing = 0;
		};
		EC4A010C2D923B350086A781 /* Frameworks */ = {
			isa = PBXFrameworksBuildPhase;
			buildActionMask = 2147483647;
			files = (
			);
			runOnlyForDeploymentPostprocessing = 0;
		};
		EC4A011C2D923B370086A781 /* Frameworks */ = {
			isa = PBXFrameworksBuildPhase;
			buildActionMask = 2147483647;
			files = (
			);
			runOnlyForDeploymentPostprocessing = 0;
		};
		EC4A01262D923B370086A781 /* Frameworks */ = {
			isa = PBXFrameworksBuildPhase;
			buildActionMask = 2147483647;
			files = (
			);
			runOnlyForDeploymentPostprocessing = 0;
		};
/* End PBXFrameworksBuildPhase section */

/* Begin PBXGroup section */
		EC4A01062D923B350086A781 = {
			isa = PBXGroup;
			children = (
				EC3E399E2DA6201600AC2A7E /* RunningTrackerWidgetExtension.entitlements */,
				EC4A01112D923B350086A781 /* Gomu */,
				EC4A01222D923B370086A781 /* GomuTests */,
				EC4A012C2D923B370086A781 /* GomuUITests */,
				EC3E39882DA61DB600AC2A7E /* RunningTrackerWidget */,
				C3E632DA2DCBB4C60030FBC0 /* GomuWatch Watch App */,
				EC4A01102D923B350086A781 /* Products */,
			);
			sourceTree = "<group>";
		};
		EC4A01102D923B350086A781 /* Products */ = {
			isa = PBXGroup;
			children = (
				EC4A010F2D923B350086A781 /* Gomu.app */,
				EC4A011F2D923B370086A781 /* GomuTests.xctest */,
				EC4A01292D923B370086A781 /* GomuUITests.xctest */,
				EC3E39822DA61DB600AC2A7E /* RunningTrackerWidgetExtension.appex */,
				C3E632D92DCBB4C60030FBC0 /* GomuWatch Watch App.app */,
			);
			name = Products;
			sourceTree = "<group>";
		};
/* End PBXGroup section */

/* Begin PBXNativeTarget section */
		C3E632D82DCBB4C60030FBC0 /* GomuWatch Watch App */ = {
			isa = PBXNativeTarget;
			buildConfigurationList = C3E632E42DCBB4C70030FBC0 /* Build configuration list for PBXNativeTarget "GomuWatch Watch App" */;
			buildPhases = (
				C3E632D52DCBB4C60030FBC0 /* Sources */,
				C3E632D62DCBB4C60030FBC0 /* Frameworks */,
				C3E632D72DCBB4C60030FBC0 /* Resources */,
			);
			buildRules = (
			);
			dependencies = (
			);
			fileSystemSynchronizedGroups = (
				C3E632DA2DCBB4C60030FBC0 /* GomuWatch Watch App */,
			);
			name = "GomuWatch Watch App";
			packageProductDependencies = (
			);
			productName = "GomuWatch Watch App";
			productReference = C3E632D92DCBB4C60030FBC0 /* GomuWatch Watch App.app */;
			productType = "com.apple.product-type.application";
		};
		EC3E39812DA61DB600AC2A7E /* RunningTrackerWidgetExtension */ = {
			isa = PBXNativeTarget;
			buildConfigurationList = EC3E39992DA61DB700AC2A7E /* Build configuration list for PBXNativeTarget "RunningTrackerWidgetExtension" */;
			buildPhases = (
				EC3E397E2DA61DB600AC2A7E /* Sources */,
				EC3E397F2DA61DB600AC2A7E /* Frameworks */,
				EC3E39802DA61DB600AC2A7E /* Resources */,
			);
			buildRules = (
			);
			dependencies = (
			);
			fileSystemSynchronizedGroups = (
				EC3E39882DA61DB600AC2A7E /* RunningTrackerWidget */,
			);
			name = RunningTrackerWidgetExtension;
			packageProductDependencies = (
			);
			productName = RunningTrackerWidgetExtension;
			productReference = EC3E39822DA61DB600AC2A7E /* RunningTrackerWidgetExtension.appex */;
			productType = "com.apple.product-type.app-extension";
		};
		EC4A010E2D923B350086A781 /* Gomu */ = {
			isa = PBXNativeTarget;
			buildConfigurationList = EC4A01332D923B370086A781 /* Build configuration list for PBXNativeTarget "Gomu" */;
			buildPhases = (
				EC4A010B2D923B350086A781 /* Sources */,
				EC4A010C2D923B350086A781 /* Frameworks */,
				EC4A010D2D923B350086A781 /* Resources */,
				EC3E399D2DA61DB700AC2A7E /* Embed Foundation Extensions */,
				C3E632E72DCBB4C70030FBC0 /* Embed Watch Content */,
			);
			buildRules = (
			);
			dependencies = (
				EC3E39972DA61DB700AC2A7E /* PBXTargetDependency */,
				C3E632E22DCBB4C70030FBC0 /* PBXTargetDependency */,
			);
			fileSystemSynchronizedGroups = (
				EC4A01112D923B350086A781 /* Gomu */,
			);
			name = Gomu;
			packageProductDependencies = (
			);
			productName = Gomu;
			productReference = EC4A010F2D923B350086A781 /* Gomu.app */;
			productType = "com.apple.product-type.application";
		};
		EC4A011E2D923B370086A781 /* GomuTests */ = {
			isa = PBXNativeTarget;
			buildConfigurationList = EC4A01362D923B370086A781 /* Build configuration list for PBXNativeTarget "GomuTests" */;
			buildPhases = (
				EC4A011B2D923B370086A781 /* Sources */,
				EC4A011C2D923B370086A781 /* Frameworks */,
				EC4A011D2D923B370086A781 /* Resources */,
			);
			buildRules = (
			);
			dependencies = (
				EC4A01212D923B370086A781 /* PBXTargetDependency */,
			);
			fileSystemSynchronizedGroups = (
				EC4A01222D923B370086A781 /* GomuTests */,
			);
			name = GomuTests;
			packageProductDependencies = (
			);
			productName = GomuTests;
			productReference = EC4A011F2D923B370086A781 /* GomuTests.xctest */;
			productType = "com.apple.product-type.bundle.unit-test";
		};
		EC4A01282D923B370086A781 /* GomuUITests */ = {
			isa = PBXNativeTarget;
			buildConfigurationList = EC4A01392D923B370086A781 /* Build configuration list for PBXNativeTarget "GomuUITests" */;
			buildPhases = (
				EC4A01252D923B370086A781 /* Sources */,
				EC4A01262D923B370086A781 /* Frameworks */,
				EC4A01272D923B370086A781 /* Resources */,
			);
			buildRules = (
			);
			dependencies = (
				EC4A012B2D923B370086A781 /* PBXTargetDependency */,
			);
			fileSystemSynchronizedGroups = (
				EC4A012C2D923B370086A781 /* GomuUITests */,
			);
			name = GomuUITests;
			packageProductDependencies = (
			);
			productName = GomuUITests;
			productReference = EC4A01292D923B370086A781 /* GomuUITests.xctest */;
			productType = "com.apple.product-type.bundle.ui-testing";
		};
/* End PBXNativeTarget section */

/* Begin PBXProject section */
		EC4A01072D923B350086A781 /* Project object */ = {
			isa = PBXProject;
			attributes = {
				BuildIndependentTargetsInParallel = 1;
				LastSwiftUpdateCheck = 1630;
				LastUpgradeCheck = 1620;
				TargetAttributes = {
					C3E632D82DCBB4C60030FBC0 = {
						CreatedOnToolsVersion = 16.3;
					};
					EC3E39812DA61DB600AC2A7E = {
						CreatedOnToolsVersion = 16.2;
					};
					EC4A010E2D923B350086A781 = {
						CreatedOnToolsVersion = 16.2;
					};
					EC4A011E2D923B370086A781 = {
						CreatedOnToolsVersion = 16.2;
						TestTargetID = EC4A010E2D923B350086A781;
					};
					EC4A01282D923B370086A781 = {
						CreatedOnToolsVersion = 16.2;
						TestTargetID = EC4A010E2D923B350086A781;
					};
				};
			};
			buildConfigurationList = EC4A010A2D923B350086A781 /* Build configuration list for PBXProject "Gomu" */;
			developmentRegion = en;
			hasScannedForEncodings = 0;
			knownRegions = (
				en,
				Base,
			);
			mainGroup = EC4A01062D923B350086A781;
			minimizedProjectReferenceProxies = 1;
			preferredProjectObjectVersion = 77;
			productRefGroup = EC4A01102D923B350086A781 /* Products */;
			projectDirPath = "";
			projectRoot = "";
			targets = (
				EC4A010E2D923B350086A781 /* Gomu */,
				EC4A011E2D923B370086A781 /* GomuTests */,
				EC4A01282D923B370086A781 /* GomuUITests */,
				EC3E39812DA61DB600AC2A7E /* RunningTrackerWidgetExtension */,
				C3E632D82DCBB4C60030FBC0 /* GomuWatch Watch App */,
			);
		};
/* End PBXProject section */

/* Begin PBXResourcesBuildPhase section */
		C3E632D72DCBB4C60030FBC0 /* Resources */ = {
			isa = PBXResourcesBuildPhase;
			buildActionMask = 2147483647;
			files = (
			);
			runOnlyForDeploymentPostprocessing = 0;
		};
		EC3E39802DA61DB600AC2A7E /* Resources */ = {
			isa = PBXResourcesBuildPhase;
			buildActionMask = 2147483647;
			files = (
			);
			runOnlyForDeploymentPostprocessing = 0;
		};
		EC4A010D2D923B350086A781 /* Resources */ = {
			isa = PBXResourcesBuildPhase;
			buildActionMask = 2147483647;
			files = (
			);
			runOnlyForDeploymentPostprocessing = 0;
		};
		EC4A011D2D923B370086A781 /* Resources */ = {
			isa = PBXResourcesBuildPhase;
			buildActionMask = 2147483647;
			files = (
			);
			runOnlyForDeploymentPostprocessing = 0;
		};
		EC4A01272D923B370086A781 /* Resources */ = {
			isa = PBXResourcesBuildPhase;
			buildActionMask = 2147483647;
			files = (
			);
			runOnlyForDeploymentPostprocessing = 0;
		};
/* End PBXResourcesBuildPhase section */

/* Begin PBXSourcesBuildPhase section */
		C3E632D52DCBB4C60030FBC0 /* Sources */ = {
			isa = PBXSourcesBuildPhase;
			buildActionMask = 2147483647;
			files = (
			);
			runOnlyForDeploymentPostprocessing = 0;
		};
		EC3E397E2DA61DB600AC2A7E /* Sources */ = {
			isa = PBXSourcesBuildPhase;
			buildActionMask = 2147483647;
			files = (
			);
			runOnlyForDeploymentPostprocessing = 0;
		};
		EC4A010B2D923B350086A781 /* Sources */ = {
			isa = PBXSourcesBuildPhase;
			buildActionMask = 2147483647;
			files = (
			);
			runOnlyForDeploymentPostprocessing = 0;
		};
		EC4A011B2D923B370086A781 /* Sources */ = {
			isa = PBXSourcesBuildPhase;
			buildActionMask = 2147483647;
			files = (
			);
			runOnlyForDeploymentPostprocessing = 0;
		};
		EC4A01252D923B370086A781 /* Sources */ = {
			isa = PBXSourcesBuildPhase;
			buildActionMask = 2147483647;
			files = (
			);
			runOnlyForDeploymentPostprocessing = 0;
		};
/* End PBXSourcesBuildPhase section */

/* Begin PBXTargetDependency section */
		C3E632E22DCBB4C70030FBC0 /* PBXTargetDependency */ = {
			isa = PBXTargetDependency;
			target = C3E632D82DCBB4C60030FBC0 /* GomuWatch Watch App */;
			targetProxy = C3E632E12DCBB4C70030FBC0 /* PBXContainerItemProxy */;
		};
		EC3E39972DA61DB700AC2A7E /* PBXTargetDependency */ = {
			isa = PBXTargetDependency;
			target = EC3E39812DA61DB600AC2A7E /* RunningTrackerWidgetExtension */;
			targetProxy = EC3E39962DA61DB700AC2A7E /* PBXContainerItemProxy */;
		};
		EC4A01212D923B370086A781 /* PBXTargetDependency */ = {
			isa = PBXTargetDependency;
			target = EC4A010E2D923B350086A781 /* Gomu */;
			targetProxy = EC4A01202D923B370086A781 /* PBXContainerItemProxy */;
		};
		EC4A012B2D923B370086A781 /* PBXTargetDependency */ = {
			isa = PBXTargetDependency;
			target = EC4A010E2D923B350086A781 /* Gomu */;
			targetProxy = EC4A012A2D923B370086A781 /* PBXContainerItemProxy */;
		};
/* End PBXTargetDependency section */

/* Begin XCBuildConfiguration section */
		C3E632E52DCBB4C70030FBC0 /* Debug */ = {
			isa = XCBuildConfiguration;
			buildSettings = {
				ASSETCATALOG_COMPILER_APPICON_NAME = AppIcon;
				ASSETCATALOG_COMPILER_GLOBAL_ACCENT_COLOR_NAME = AccentColor;
				CODE_SIGN_ENTITLEMENTS = "GomuWatch Watch App/GomuWatch Watch App.entitlements";
				CODE_SIGN_IDENTITY = "Apple Development";
				CODE_SIGN_STYLE = Automatic;
				CURRENT_PROJECT_VERSION = 1;
				DEVELOPMENT_TEAM = B6SZL9KS58;
				ENABLE_PREVIEWS = YES;
				GENERATE_INFOPLIST_FILE = YES;
				INFOPLIST_KEY_CFBundleDisplayName = GomuWatch;
				INFOPLIST_KEY_NSHealthShareUsageDescription = "App ini membutuhkan akses ke data kesehatan Anda.";
				INFOPLIST_KEY_NSHealthUpdateUsageDescription = "App ini akan menyimpan data hasil tracking Anda ke HealthKit.";
				INFOPLIST_KEY_UISupportedInterfaceOrientations = "UIInterfaceOrientationPortrait UIInterfaceOrientationPortraitUpsideDown";
				INFOPLIST_KEY_WKCompanionAppBundleIdentifier = com.asaduddin.GomuMulti;
				LD_RUNPATH_SEARCH_PATHS = (
					"$(inherited)",
					"@executable_path/Frameworks",
				);
				MARKETING_VERSION = 1.0;
				PRODUCT_BUNDLE_IDENTIFIER = com.asaduddin.GomuMulti.watchkitapp;
				PRODUCT_NAME = "$(TARGET_NAME)";
				SDKROOT = watchos;
				SKIP_INSTALL = YES;
				SWIFT_EMIT_LOC_STRINGS = YES;
				SWIFT_VERSION = 5.0;
				TARGETED_DEVICE_FAMILY = 4;
				WATCHOS_DEPLOYMENT_TARGET = 11.4;
			};
			name = Debug;
		};
		C3E632E62DCBB4C70030FBC0 /* Release */ = {
			isa = XCBuildConfiguration;
			buildSettings = {
				ASSETCATALOG_COMPILER_APPICON_NAME = AppIcon;
				ASSETCATALOG_COMPILER_GLOBAL_ACCENT_COLOR_NAME = AccentColor;
				CODE_SIGN_ENTITLEMENTS = "GomuWatch Watch App/GomuWatch Watch App.entitlements";
				CODE_SIGN_IDENTITY = "Apple Development";
				CODE_SIGN_STYLE = Automatic;
				CURRENT_PROJECT_VERSION = 1;
				DEVELOPMENT_TEAM = B6SZL9KS58;
				ENABLE_PREVIEWS = YES;
				GENERATE_INFOPLIST_FILE = YES;
				INFOPLIST_KEY_CFBundleDisplayName = GomuWatch;
				INFOPLIST_KEY_NSHealthShareUsageDescription = "App ini membutuhkan akses ke data kesehatan Anda.";
				INFOPLIST_KEY_NSHealthUpdateUsageDescription = "App ini akan menyimpan data hasil tracking Anda ke HealthKit.";
				INFOPLIST_KEY_UISupportedInterfaceOrientations = "UIInterfaceOrientationPortrait UIInterfaceOrientationPortraitUpsideDown";
				INFOPLIST_KEY_WKCompanionAppBundleIdentifier = com.asaduddin.GomuMulti;
				LD_RUNPATH_SEARCH_PATHS = (
					"$(inherited)",
					"@executable_path/Frameworks",
				);
				MARKETING_VERSION = 1.0;
				PRODUCT_BUNDLE_IDENTIFIER = com.asaduddin.GomuMulti.watchkitapp;
				PRODUCT_NAME = "$(TARGET_NAME)";
				SDKROOT = watchos;
				SKIP_INSTALL = YES;
				SWIFT_EMIT_LOC_STRINGS = YES;
				SWIFT_VERSION = 5.0;
				TARGETED_DEVICE_FAMILY = 4;
				WATCHOS_DEPLOYMENT_TARGET = 11.4;
			};
			name = Release;
		};
		EC3E399A2DA61DB700AC2A7E /* Debug */ = {
			isa = XCBuildConfiguration;
			buildSettings = {
				ASSETCATALOG_COMPILER_GLOBAL_ACCENT_COLOR_NAME = AccentColor;
				ASSETCATALOG_COMPILER_WIDGET_BACKGROUND_COLOR_NAME = WidgetBackground;
				CODE_SIGN_ENTITLEMENTS = RunningTrackerWidgetExtension.entitlements;
				CODE_SIGN_STYLE = Automatic;
				CURRENT_PROJECT_VERSION = 1;
				DEVELOPMENT_TEAM = B6SZL9KS58;
				GENERATE_INFOPLIST_FILE = YES;
				INFOPLIST_FILE = RunningTrackerWidget/Info.plist;
				INFOPLIST_KEY_CFBundleDisplayName = RunningTrackerWidget;
				INFOPLIST_KEY_NSHumanReadableCopyright = "";
				LD_RUNPATH_SEARCH_PATHS = (
					"$(inherited)",
					"@executable_path/Frameworks",
					"@executable_path/../../Frameworks",
				);
				MARKETING_VERSION = 1.0;
				PRODUCT_BUNDLE_IDENTIFIER = com.asaduddin.GomuMulti.RunningTrackerWidget;
				PRODUCT_NAME = "$(TARGET_NAME)";
				SKIP_INSTALL = YES;
				SWIFT_EMIT_LOC_STRINGS = YES;
				SWIFT_VERSION = 5.0;
				TARGETED_DEVICE_FAMILY = "1,2";
			};
			name = Debug;
		};
		EC3E399B2DA61DB700AC2A7E /* Release */ = {
			isa = XCBuildConfiguration;
			buildSettings = {
				ASSETCATALOG_COMPILER_GLOBAL_ACCENT_COLOR_NAME = AccentColor;
				ASSETCATALOG_COMPILER_WIDGET_BACKGROUND_COLOR_NAME = WidgetBackground;
				CODE_SIGN_ENTITLEMENTS = RunningTrackerWidgetExtension.entitlements;
				CODE_SIGN_STYLE = Automatic;
				CURRENT_PROJECT_VERSION = 1;
				DEVELOPMENT_TEAM = B6SZL9KS58;
				GENERATE_INFOPLIST_FILE = YES;
				INFOPLIST_FILE = RunningTrackerWidget/Info.plist;
				INFOPLIST_KEY_CFBundleDisplayName = RunningTrackerWidget;
				INFOPLIST_KEY_NSHumanReadableCopyright = "";
				LD_RUNPATH_SEARCH_PATHS = (
					"$(inherited)",
					"@executable_path/Frameworks",
					"@executable_path/../../Frameworks",
				);
				MARKETING_VERSION = 1.0;
				PRODUCT_BUNDLE_IDENTIFIER = com.asaduddin.GomuMulti.RunningTrackerWidget;
				PRODUCT_NAME = "$(TARGET_NAME)";
				SKIP_INSTALL = YES;
				SWIFT_EMIT_LOC_STRINGS = YES;
				SWIFT_VERSION = 5.0;
				TARGETED_DEVICE_FAMILY = "1,2";
			};
			name = Release;
		};
		EC4A01312D923B370086A781 /* Debug */ = {
			isa = XCBuildConfiguration;
			buildSettings = {
				ALWAYS_SEARCH_USER_PATHS = NO;
				ASSETCATALOG_COMPILER_GENERATE_SWIFT_ASSET_SYMBOL_EXTENSIONS = YES;
				CLANG_ANALYZER_NONNULL = YES;
				CLANG_ANALYZER_NUMBER_OBJECT_CONVERSION = YES_AGGRESSIVE;
				CLANG_CXX_LANGUAGE_STANDARD = "gnu++20";
				CLANG_ENABLE_MODULES = YES;
				CLANG_ENABLE_OBJC_ARC = YES;
				CLANG_ENABLE_OBJC_WEAK = YES;
				CLANG_WARN_BLOCK_CAPTURE_AUTORELEASING = YES;
				CLANG_WARN_BOOL_CONVERSION = YES;
				CLANG_WARN_COMMA = YES;
				CLANG_WARN_CONSTANT_CONVERSION = YES;
				CLANG_WARN_DEPRECATED_OBJC_IMPLEMENTATIONS = YES;
				CLANG_WARN_DIRECT_OBJC_ISA_USAGE = YES_ERROR;
				CLANG_WARN_DOCUMENTATION_COMMENTS = YES;
				CLANG_WARN_EMPTY_BODY = YES;
				CLANG_WARN_ENUM_CONVERSION = YES;
				CLANG_WARN_INFINITE_RECURSION = YES;
				CLANG_WARN_INT_CONVERSION = YES;
				CLANG_WARN_NON_LITERAL_NULL_CONVERSION = YES;
				CLANG_WARN_OBJC_IMPLICIT_RETAIN_SELF = YES;
				CLANG_WARN_OBJC_LITERAL_CONVERSION = YES;
				CLANG_WARN_OBJC_ROOT_CLASS = YES_ERROR;
				CLANG_WARN_QUOTED_INCLUDE_IN_FRAMEWORK_HEADER = YES;
				CLANG_WARN_RANGE_LOOP_ANALYSIS = YES;
				CLANG_WARN_STRICT_PROTOTYPES = YES;
				CLANG_WARN_SUSPICIOUS_MOVE = YES;
				CLANG_WARN_UNGUARDED_AVAILABILITY = YES_AGGRESSIVE;
				CLANG_WARN_UNREACHABLE_CODE = YES;
				CLANG_WARN__DUPLICATE_METHOD_MATCH = YES;
				COPY_PHASE_STRIP = NO;
				DEBUG_INFORMATION_FORMAT = dwarf;
				ENABLE_STRICT_OBJC_MSGSEND = YES;
				ENABLE_TESTABILITY = YES;
				ENABLE_USER_SCRIPT_SANDBOXING = YES;
				GCC_C_LANGUAGE_STANDARD = gnu17;
				GCC_DYNAMIC_NO_PIC = NO;
				GCC_NO_COMMON_BLOCKS = YES;
				GCC_OPTIMIZATION_LEVEL = 0;
				GCC_PREPROCESSOR_DEFINITIONS = (
					"DEBUG=1",
					"$(inherited)",
				);
				GCC_WARN_64_TO_32_BIT_CONVERSION = YES;
				GCC_WARN_ABOUT_RETURN_TYPE = YES_ERROR;
				GCC_WARN_UNDECLARED_SELECTOR = YES;
				GCC_WARN_UNINITIALIZED_AUTOS = YES_AGGRESSIVE;
				GCC_WARN_UNUSED_FUNCTION = YES;
				GCC_WARN_UNUSED_VARIABLE = YES;
				IPHONEOS_DEPLOYMENT_TARGET = 18.2;
				LOCALIZATION_PREFERS_STRING_CATALOGS = YES;
				MTL_ENABLE_DEBUG_INFO = INCLUDE_SOURCE;
				MTL_FAST_MATH = YES;
				ONLY_ACTIVE_ARCH = YES;
				SDKROOT = iphoneos;
				SWIFT_ACTIVE_COMPILATION_CONDITIONS = "DEBUG $(inherited)";
				SWIFT_OPTIMIZATION_LEVEL = "-Onone";
			};
			name = Debug;
		};
		EC4A01322D923B370086A781 /* Release */ = {
			isa = XCBuildConfiguration;
			buildSettings = {
				ALWAYS_SEARCH_USER_PATHS = NO;
				ASSETCATALOG_COMPILER_GENERATE_SWIFT_ASSET_SYMBOL_EXTENSIONS = YES;
				CLANG_ANALYZER_NONNULL = YES;
				CLANG_ANALYZER_NUMBER_OBJECT_CONVERSION = YES_AGGRESSIVE;
				CLANG_CXX_LANGUAGE_STANDARD = "gnu++20";
				CLANG_ENABLE_MODULES = YES;
				CLANG_ENABLE_OBJC_ARC = YES;
				CLANG_ENABLE_OBJC_WEAK = YES;
				CLANG_WARN_BLOCK_CAPTURE_AUTORELEASING = YES;
				CLANG_WARN_BOOL_CONVERSION = YES;
				CLANG_WARN_COMMA = YES;
				CLANG_WARN_CONSTANT_CONVERSION = YES;
				CLANG_WARN_DEPRECATED_OBJC_IMPLEMENTATIONS = YES;
				CLANG_WARN_DIRECT_OBJC_ISA_USAGE = YES_ERROR;
				CLANG_WARN_DOCUMENTATION_COMMENTS = YES;
				CLANG_WARN_EMPTY_BODY = YES;
				CLANG_WARN_ENUM_CONVERSION = YES;
				CLANG_WARN_INFINITE_RECURSION = YES;
				CLANG_WARN_INT_CONVERSION = YES;
				CLANG_WARN_NON_LITERAL_NULL_CONVERSION = YES;
				CLANG_WARN_OBJC_IMPLICIT_RETAIN_SELF = YES;
				CLANG_WARN_OBJC_LITERAL_CONVERSION = YES;
				CLANG_WARN_OBJC_ROOT_CLASS = YES_ERROR;
				CLANG_WARN_QUOTED_INCLUDE_IN_FRAMEWORK_HEADER = YES;
				CLANG_WARN_RANGE_LOOP_ANALYSIS = YES;
				CLANG_WARN_STRICT_PROTOTYPES = YES;
				CLANG_WARN_SUSPICIOUS_MOVE = YES;
				CLANG_WARN_UNGUARDED_AVAILABILITY = YES_AGGRESSIVE;
				CLANG_WARN_UNREACHABLE_CODE = YES;
				CLANG_WARN__DUPLICATE_METHOD_MATCH = YES;
				COPY_PHASE_STRIP = NO;
				DEBUG_INFORMATION_FORMAT = "dwarf-with-dsym";
				ENABLE_NS_ASSERTIONS = NO;
				ENABLE_STRICT_OBJC_MSGSEND = YES;
				ENABLE_USER_SCRIPT_SANDBOXING = YES;
				GCC_C_LANGUAGE_STANDARD = gnu17;
				GCC_NO_COMMON_BLOCKS = YES;
				GCC_WARN_64_TO_32_BIT_CONVERSION = YES;
				GCC_WARN_ABOUT_RETURN_TYPE = YES_ERROR;
				GCC_WARN_UNDECLARED_SELECTOR = YES;
				GCC_WARN_UNINITIALIZED_AUTOS = YES_AGGRESSIVE;
				GCC_WARN_UNUSED_FUNCTION = YES;
				GCC_WARN_UNUSED_VARIABLE = YES;
				IPHONEOS_DEPLOYMENT_TARGET = 18.2;
				LOCALIZATION_PREFERS_STRING_CATALOGS = YES;
				MTL_ENABLE_DEBUG_INFO = NO;
				MTL_FAST_MATH = YES;
				SDKROOT = iphoneos;
				SWIFT_COMPILATION_MODE = wholemodule;
				VALIDATE_PRODUCT = YES;
			};
			name = Release;
		};
		EC4A01342D923B370086A781 /* Debug */ = {
			isa = XCBuildConfiguration;
			buildSettings = {
				ASSETCATALOG_COMPILER_APPICON_NAME = AppIcon;
				ASSETCATALOG_COMPILER_GLOBAL_ACCENT_COLOR_NAME = AccentColor;
				CODE_SIGN_ENTITLEMENTS = Gomu/Gomu.entitlements;
				CODE_SIGN_IDENTITY = "Apple Development";
				CODE_SIGN_STYLE = Automatic;
				CURRENT_PROJECT_VERSION = 1;
				DEVELOPMENT_ASSET_PATHS = "\"Gomu/Preview Content\"";
				DEVELOPMENT_TEAM = B6SZL9KS58;
				ENABLE_PREVIEWS = YES;
				GENERATE_INFOPLIST_FILE = YES;
				INFOPLIST_FILE = Gomu/Info.plist;
				INFOPLIST_KEY_NSHealthShareUsageDescription = "App ini membutuhkan akses ke data kesehatan Anda.";
				INFOPLIST_KEY_NSHealthUpdateUsageDescription = "App ini akan menyimpan data hasil tracking Anda ke HealthKit.";
				INFOPLIST_KEY_NSLocationWhenInUseUsageDescription = "We want to access your location to keep the track data";
				INFOPLIST_KEY_UIApplicationSceneManifest_Generation = YES;
				INFOPLIST_KEY_UIApplicationSupportsIndirectInputEvents = YES;
				INFOPLIST_KEY_UILaunchScreen_Generation = YES;
				INFOPLIST_KEY_UILaunchStoryboardName = "Launch Screen";
				INFOPLIST_KEY_UISupportedInterfaceOrientations_iPad = "UIInterfaceOrientationPortrait UIInterfaceOrientationPortraitUpsideDown UIInterfaceOrientationLandscapeLeft UIInterfaceOrientationLandscapeRight";
				INFOPLIST_KEY_UISupportedInterfaceOrientations_iPhone = "UIInterfaceOrientationPortrait UIInterfaceOrientationLandscapeLeft UIInterfaceOrientationLandscapeRight";
				LD_RUNPATH_SEARCH_PATHS = (
					"$(inherited)",
					"@executable_path/Frameworks",
				);
				MARKETING_VERSION = 1.0;
				PRODUCT_BUNDLE_IDENTIFIER = com.asaduddin.GomuMulti;
				PRODUCT_NAME = "$(TARGET_NAME)";
				PROVISIONING_PROFILE_SPECIFIER = "";
				SWIFT_EMIT_LOC_STRINGS = YES;
				SWIFT_VERSION = 5.0;
				TARGETED_DEVICE_FAMILY = "1,2";
			};
			name = Debug;
		};
		EC4A01352D923B370086A781 /* Release */ = {
			isa = XCBuildConfiguration;
			buildSettings = {
				ASSETCATALOG_COMPILER_APPICON_NAME = AppIcon;
				ASSETCATALOG_COMPILER_GLOBAL_ACCENT_COLOR_NAME = AccentColor;
				CODE_SIGN_ENTITLEMENTS = Gomu/Gomu.entitlements;
				CODE_SIGN_IDENTITY = "Apple Development";
				CODE_SIGN_STYLE = Automatic;
				CURRENT_PROJECT_VERSION = 1;
				DEVELOPMENT_ASSET_PATHS = "\"Gomu/Preview Content\"";
				DEVELOPMENT_TEAM = B6SZL9KS58;
				ENABLE_PREVIEWS = YES;
				GENERATE_INFOPLIST_FILE = YES;
				INFOPLIST_FILE = Gomu/Info.plist;
				INFOPLIST_KEY_NSHealthShareUsageDescription = "App ini membutuhkan akses ke data kesehatan Anda.";
				INFOPLIST_KEY_NSHealthUpdateUsageDescription = "App ini akan menyimpan data hasil tracking Anda ke HealthKit.";
				INFOPLIST_KEY_NSLocationWhenInUseUsageDescription = "We want to access your location to keep the track data";
				INFOPLIST_KEY_UIApplicationSceneManifest_Generation = YES;
				INFOPLIST_KEY_UIApplicationSupportsIndirectInputEvents = YES;
				INFOPLIST_KEY_UILaunchScreen_Generation = YES;
				INFOPLIST_KEY_UILaunchStoryboardName = "Launch Screen";
				INFOPLIST_KEY_UISupportedInterfaceOrientations_iPad = "UIInterfaceOrientationPortrait UIInterfaceOrientationPortraitUpsideDown UIInterfaceOrientationLandscapeLeft UIInterfaceOrientationLandscapeRight";
				INFOPLIST_KEY_UISupportedInterfaceOrientations_iPhone = "UIInterfaceOrientationPortrait UIInterfaceOrientationLandscapeLeft UIInterfaceOrientationLandscapeRight";
				LD_RUNPATH_SEARCH_PATHS = (
					"$(inherited)",
					"@executable_path/Frameworks",
				);
				MARKETING_VERSION = 1.0;
				PRODUCT_BUNDLE_IDENTIFIER = com.asaduddin.GomuMulti;
				PRODUCT_NAME = "$(TARGET_NAME)";
				PROVISIONING_PROFILE_SPECIFIER = "";
				SWIFT_EMIT_LOC_STRINGS = YES;
				SWIFT_VERSION = 5.0;
				TARGETED_DEVICE_FAMILY = "1,2";
			};
			name = Release;
		};
		EC4A01372D923B370086A781 /* Debug */ = {
			isa = XCBuildConfiguration;
			buildSettings = {
				BUNDLE_LOADER = "$(TEST_HOST)";
				CODE_SIGN_STYLE = Automatic;
				CURRENT_PROJECT_VERSION = 1;
				DEVELOPMENT_TEAM = B6SZL9KS58;
				GENERATE_INFOPLIST_FILE = YES;
				IPHONEOS_DEPLOYMENT_TARGET = 18.2;
				MARKETING_VERSION = 1.0;
				PRODUCT_BUNDLE_IDENTIFIER = com.asaduddin.GomuMultiTest;
				PRODUCT_NAME = "$(TARGET_NAME)";
				SWIFT_EMIT_LOC_STRINGS = NO;
				SWIFT_VERSION = 5.0;
				TARGETED_DEVICE_FAMILY = "1,2";
				TEST_HOST = "$(BUILT_PRODUCTS_DIR)/Gomu.app/$(BUNDLE_EXECUTABLE_FOLDER_PATH)/Gomu";
			};
			name = Debug;
		};
		EC4A01382D923B370086A781 /* Release */ = {
			isa = XCBuildConfiguration;
			buildSettings = {
				BUNDLE_LOADER = "$(TEST_HOST)";
				CODE_SIGN_STYLE = Automatic;
				CURRENT_PROJECT_VERSION = 1;
				DEVELOPMENT_TEAM = B6SZL9KS58;
				GENERATE_INFOPLIST_FILE = YES;
				IPHONEOS_DEPLOYMENT_TARGET = 18.2;
				MARKETING_VERSION = 1.0;
				PRODUCT_BUNDLE_IDENTIFIER = com.asaduddin.GomuMultiTest;
				PRODUCT_NAME = "$(TARGET_NAME)";
				SWIFT_EMIT_LOC_STRINGS = NO;
				SWIFT_VERSION = 5.0;
				TARGETED_DEVICE_FAMILY = "1,2";
				TEST_HOST = "$(BUILT_PRODUCTS_DIR)/Gomu.app/$(BUNDLE_EXECUTABLE_FOLDER_PATH)/Gomu";
			};
			name = Release;
		};
		EC4A013A2D923B370086A781 /* Debug */ = {
			isa = XCBuildConfiguration;
			buildSettings = {
				CODE_SIGN_STYLE = Automatic;
				CURRENT_PROJECT_VERSION = 1;
				DEVELOPMENT_TEAM = B6SZL9KS58;
				GENERATE_INFOPLIST_FILE = YES;
				MARKETING_VERSION = 1.0;
				PRODUCT_BUNDLE_IDENTIFIER = com.asaduddin.GomuMultiUITest;
				PRODUCT_NAME = "$(TARGET_NAME)";
				SWIFT_EMIT_LOC_STRINGS = NO;
				SWIFT_VERSION = 5.0;
				TARGETED_DEVICE_FAMILY = "1,2";
				TEST_TARGET_NAME = Gomu;
			};
			name = Debug;
		};
		EC4A013B2D923B370086A781 /* Release */ = {
			isa = XCBuildConfiguration;
			buildSettings = {
				CODE_SIGN_STYLE = Automatic;
				CURRENT_PROJECT_VERSION = 1;
				DEVELOPMENT_TEAM = B6SZL9KS58;
				GENERATE_INFOPLIST_FILE = YES;
				MARKETING_VERSION = 1.0;
				PRODUCT_BUNDLE_IDENTIFIER = com.asaduddin.GomuMultiUITest;
				PRODUCT_NAME = "$(TARGET_NAME)";
				SWIFT_EMIT_LOC_STRINGS = NO;
				SWIFT_VERSION = 5.0;
				TARGETED_DEVICE_FAMILY = "1,2";
				TEST_TARGET_NAME = Gomu;
			};
			name = Release;
		};
/* End XCBuildConfiguration section */

/* Begin XCConfigurationList section */
		C3E632E42DCBB4C70030FBC0 /* Build configuration list for PBXNativeTarget "GomuWatch Watch App" */ = {
			isa = XCConfigurationList;
			buildConfigurations = (
				C3E632E52DCBB4C70030FBC0 /* Debug */,
				C3E632E62DCBB4C70030FBC0 /* Release */,
			);
			defaultConfigurationIsVisible = 0;
			defaultConfigurationName = Release;
		};
		EC3E39992DA61DB700AC2A7E /* Build configuration list for PBXNativeTarget "RunningTrackerWidgetExtension" */ = {
			isa = XCConfigurationList;
			buildConfigurations = (
				EC3E399A2DA61DB700AC2A7E /* Debug */,
				EC3E399B2DA61DB700AC2A7E /* Release */,
			);
			defaultConfigurationIsVisible = 0;
			defaultConfigurationName = Release;
		};
		EC4A010A2D923B350086A781 /* Build configuration list for PBXProject "Gomu" */ = {
			isa = XCConfigurationList;
			buildConfigurations = (
				EC4A01312D923B370086A781 /* Debug */,
				EC4A01322D923B370086A781 /* Release */,
			);
			defaultConfigurationIsVisible = 0;
			defaultConfigurationName = Release;
		};
		EC4A01332D923B370086A781 /* Build configuration list for PBXNativeTarget "Gomu" */ = {
			isa = XCConfigurationList;
			buildConfigurations = (
				EC4A01342D923B370086A781 /* Debug */,
				EC4A01352D923B370086A781 /* Release */,
			);
			defaultConfigurationIsVisible = 0;
			defaultConfigurationName = Release;
		};
		EC4A01362D923B370086A781 /* Build configuration list for PBXNativeTarget "GomuTests" */ = {
			isa = XCConfigurationList;
			buildConfigurations = (
				EC4A01372D923B370086A781 /* Debug */,
				EC4A01382D923B370086A781 /* Release */,
			);
			defaultConfigurationIsVisible = 0;
			defaultConfigurationName = Release;
		};
		EC4A01392D923B370086A781 /* Build configuration list for PBXNativeTarget "GomuUITests" */ = {
			isa = XCConfigurationList;
			buildConfigurations = (
				EC4A013A2D923B370086A781 /* Debug */,
				EC4A013B2D923B370086A781 /* Release */,
			);
			defaultConfigurationIsVisible = 0;
			defaultConfigurationName = Release;
		};
/* End XCConfigurationList section */
	};
	rootObject = EC4A01072D923B350086A781 /* Project object */;
}
